PODS:
  - Flutter (1.0.0)
  - Mapbox-iOS-SDK (5.6.1):
    - MapboxMobileEvents (= 0.10.2)
  - mapbox_gl (0.0.1):
    - Flutter
    - Mapbox-iOS-SDK (~> 5.6.0)
    - MapboxAnnotationExtension (~> 0.0.1-beta.1)
  - mapbox_gl_web (0.1.0):
    - Flutter
  - MapboxAnnotationExtension (0.0.1-beta.1):
    - Mapbox-iOS-SDK (~> 5.2)
  - MapboxMobileEvents (0.10.2)

DEPENDENCIES:
  - Flutter (from `Flutter`)
  - mapbox_gl (from `.symlinks/plugins/mapbox_gl/ios`)
  - mapbox_gl_web (from `.symlinks/plugins/mapbox_gl_web/ios`)

SPEC REPOS:
  trunk:
    - Mapbox-iOS-SDK
    - MapboxAnnotationExtension
    - MapboxMobileEvents

EXTERNAL SOURCES:
  Flutter:
    :path: Flutter
  mapbox_gl:
    :path: ".symlinks/plugins/mapbox_gl/ios"
  mapbox_gl_web:
    :path: ".symlinks/plugins/mapbox_gl_web/ios"

SPEC CHECKSUMS:
  Flutter: 0e3d915762c693b495b44d77113d4970485de6ec
  Mapbox-iOS-SDK: b31bd62a5dd5b7e688eab787acd3d093a122f4d6
  mapbox_gl: 48d261b93d7dfc2367c2f93b493ea8f43df5ba96
  mapbox_gl_web: 029cfb3c841d146fde3209538782498350a87f3f
  MapboxAnnotationExtension: d66de5561562c9d940153c0135725e671407b781
  MapboxMobileEvents: 2bc0ca2eedb627b73cf403258dce2b2fa98074a6

PODFILE CHECKSUM: c34e2287a9ccaa606aeceab922830efb9a6ff69a

COCOAPODS: 1.8.3
